# This file is generated by running "yarn install" inside your project.
# Manual changes might be lost - proceed with caution!

__metadata:
  version: 8
  cacheKey: 10c0

"@anthropic-ai/sdk@npm:^0.9.1":
  version: 0.9.1
  resolution: "@anthropic-ai/sdk@npm:0.9.1"
  dependencies:
    "@types/node": "npm:^18.11.18"
    "@types/node-fetch": "npm:^2.6.4"
    abort-controller: "npm:^3.0.0"
    agentkeepalive: "npm:^4.2.1"
    digest-fetch: "npm:^1.3.0"
    form-data-encoder: "npm:1.7.2"
    formdata-node: "npm:^4.3.2"
    node-fetch: "npm:^2.6.7"
    web-streams-polyfill: "npm:^3.2.1"
  checksum: 10c0/de00ec551a5731a30254e9a3a3ed76f05c0865da6cddf32d4010659f72ca2d25985dff7173af850f92ede1e3695e00105f9689aeb875f0e82dc93f1597be0d05
  languageName: node
  linkType: hard

"@langchain/community@npm:~0.0.33":
  version: 0.0.35
  resolution: "@langchain/community@npm:0.0.35"
  dependencies:
    "@langchain/core": "npm:~0.1.41"
    "@langchain/openai": "npm:~0.0.14"
    flat: "npm:^5.0.2"
    langsmith: "npm:~0.1.1"
    uuid: "npm:^9.0.0"
    zod: "npm:^3.22.3"
  peerDependencies:
    "@aws-crypto/sha256-js": ^5.0.0
    "@aws-sdk/client-bedrock-agent-runtime": ^3.485.0
    "@aws-sdk/client-bedrock-runtime": ^3.422.0
    "@aws-sdk/client-dynamodb": ^3.310.0
    "@aws-sdk/client-kendra": ^3.352.0
    "@aws-sdk/client-lambda": ^3.310.0
    "@aws-sdk/client-sagemaker-runtime": ^3.310.0
    "@aws-sdk/client-sfn": ^3.310.0
    "@aws-sdk/credential-provider-node": ^3.388.0
    "@azure/search-documents": ^12.0.0
    "@clickhouse/client": ^0.2.5
    "@cloudflare/ai": "*"
    "@datastax/astra-db-ts": ^0.1.4
    "@elastic/elasticsearch": ^8.4.0
    "@getmetal/metal-sdk": "*"
    "@getzep/zep-js": ^0.9.0
    "@gomomento/sdk": ^1.51.1
    "@gomomento/sdk-core": ^1.51.1
    "@google-ai/generativelanguage": ^0.2.1
    "@gradientai/nodejs-sdk": ^1.2.0
    "@huggingface/inference": ^2.6.4
    "@mozilla/readability": "*"
    "@opensearch-project/opensearch": "*"
    "@pinecone-database/pinecone": "*"
    "@planetscale/database": ^1.8.0
    "@qdrant/js-client-rest": ^1.2.0
    "@raycast/api": ^1.55.2
    "@rockset/client": ^0.9.1
    "@smithy/eventstream-codec": ^2.0.5
    "@smithy/protocol-http": ^3.0.6
    "@smithy/signature-v4": ^2.0.10
    "@smithy/util-utf8": ^2.0.0
    "@supabase/postgrest-js": ^1.1.1
    "@supabase/supabase-js": ^2.10.0
    "@tensorflow-models/universal-sentence-encoder": "*"
    "@tensorflow/tfjs-converter": "*"
    "@tensorflow/tfjs-core": "*"
    "@upstash/redis": ^1.20.6
    "@upstash/vector": ^1.0.2
    "@vercel/kv": ^0.2.3
    "@vercel/postgres": ^0.5.0
    "@writerai/writer-sdk": ^0.40.2
    "@xata.io/client": ^0.28.0
    "@xenova/transformers": ^2.5.4
    "@zilliz/milvus2-sdk-node": ">=2.2.7"
    better-sqlite3: ^9.4.0
    cassandra-driver: ^4.7.2
    chromadb: "*"
    closevector-common: 0.1.3
    closevector-node: 0.1.6
    closevector-web: 0.1.6
    cohere-ai: "*"
    convex: ^1.3.1
    discord.js: ^14.14.1
    dria: ^0.0.3
    faiss-node: ^0.5.1
    firebase-admin: ^11.9.0 || ^12.0.0
    google-auth-library: ^8.9.0
    googleapis: ^126.0.1
    hnswlib-node: ^1.4.2
    html-to-text: ^9.0.5
    ioredis: ^5.3.2
    jsdom: "*"
    llmonitor: ^0.5.9
    lodash: ^4.17.21
    lunary: ^0.6.11
    mongodb: ">=5.2.0"
    mysql2: ^3.3.3
    neo4j-driver: "*"
    node-llama-cpp: "*"
    pg: ^8.11.0
    pg-copy-streams: ^6.0.5
    pickleparser: ^0.2.1
    portkey-ai: ^0.1.11
    redis: "*"
    replicate: ^0.18.0
    typeorm: ^0.3.12
    typesense: ^1.5.3
    usearch: ^1.1.1
    vectordb: ^0.1.4
    voy-search: 0.6.2
    weaviate-ts-client: "*"
    web-auth-library: ^1.0.3
    ws: ^8.14.2
  peerDependenciesMeta:
    "@aws-crypto/sha256-js":
      optional: true
    "@aws-sdk/client-bedrock-agent-runtime":
      optional: true
    "@aws-sdk/client-bedrock-runtime":
      optional: true
    "@aws-sdk/client-dynamodb":
      optional: true
    "@aws-sdk/client-kendra":
      optional: true
    "@aws-sdk/client-lambda":
      optional: true
    "@aws-sdk/client-sagemaker-runtime":
      optional: true
    "@aws-sdk/client-sfn":
      optional: true
    "@aws-sdk/credential-provider-node":
      optional: true
    "@azure/search-documents":
      optional: true
    "@clickhouse/client":
      optional: true
    "@cloudflare/ai":
      optional: true
    "@datastax/astra-db-ts":
      optional: true
    "@elastic/elasticsearch":
      optional: true
    "@getmetal/metal-sdk":
      optional: true
    "@getzep/zep-js":
      optional: true
    "@gomomento/sdk":
      optional: true
    "@gomomento/sdk-core":
      optional: true
    "@google-ai/generativelanguage":
      optional: true
    "@gradientai/nodejs-sdk":
      optional: true
    "@huggingface/inference":
      optional: true
    "@mozilla/readability":
      optional: true
    "@opensearch-project/opensearch":
      optional: true
    "@pinecone-database/pinecone":
      optional: true
    "@planetscale/database":
      optional: true
    "@qdrant/js-client-rest":
      optional: true
    "@raycast/api":
      optional: true
    "@rockset/client":
      optional: true
    "@smithy/eventstream-codec":
      optional: true
    "@smithy/protocol-http":
      optional: true
    "@smithy/signature-v4":
      optional: true
    "@smithy/util-utf8":
      optional: true
    "@supabase/postgrest-js":
      optional: true
    "@supabase/supabase-js":
      optional: true
    "@tensorflow-models/universal-sentence-encoder":
      optional: true
    "@tensorflow/tfjs-converter":
      optional: true
    "@tensorflow/tfjs-core":
      optional: true
    "@upstash/redis":
      optional: true
    "@upstash/vector":
      optional: true
    "@vercel/kv":
      optional: true
    "@vercel/postgres":
      optional: true
    "@writerai/writer-sdk":
      optional: true
    "@xata.io/client":
      optional: true
    "@xenova/transformers":
      optional: true
    "@zilliz/milvus2-sdk-node":
      optional: true
    better-sqlite3:
      optional: true
    cassandra-driver:
      optional: true
    chromadb:
      optional: true
    closevector-common:
      optional: true
    closevector-node:
      optional: true
    closevector-web:
      optional: true
    cohere-ai:
      optional: true
    convex:
      optional: true
    discord.js:
      optional: true
    dria:
      optional: true
    faiss-node:
      optional: true
    firebase-admin:
      optional: true
    google-auth-library:
      optional: true
    googleapis:
      optional: true
    hnswlib-node:
      optional: true
    html-to-text:
      optional: true
    ioredis:
      optional: true
    jsdom:
      optional: true
    llmonitor:
      optional: true
    lodash:
      optional: true
    lunary:
      optional: true
    mongodb:
      optional: true
    mysql2:
      optional: true
    neo4j-driver:
      optional: true
    node-llama-cpp:
      optional: true
    pg:
      optional: true
    pg-copy-streams:
      optional: true
    pickleparser:
      optional: true
    portkey-ai:
      optional: true
    redis:
      optional: true
    replicate:
      optional: true
    typeorm:
      optional: true
    typesense:
      optional: true
    usearch:
      optional: true
    vectordb:
      optional: true
    voy-search:
      optional: true
    weaviate-ts-client:
      optional: true
    web-auth-library:
      optional: true
    ws:
      optional: true
  checksum: 10c0/a5ff0fe3283a20b4819e5117a0b5a1b1550a586b07b6646c94cfc6378cab389a77094221140f40b0b1605555507186ee9db55ff59edc5a0b0a5142d10097a4b9
  languageName: node
  linkType: hard

"@langchain/core@npm:~0.1.36, @langchain/core@npm:~0.1.41":
  version: 0.1.43
  resolution: "@langchain/core@npm:0.1.43"
  dependencies:
    ansi-styles: "npm:^5.0.0"
    camelcase: "npm:6"
    decamelize: "npm:1.2.0"
    js-tiktoken: "npm:^1.0.8"
    langsmith: "npm:~0.1.7"
    ml-distance: "npm:^4.0.0"
    p-queue: "npm:^6.6.2"
    p-retry: "npm:4"
    uuid: "npm:^9.0.0"
    zod: "npm:^3.22.4"
    zod-to-json-schema: "npm:^3.22.3"
  checksum: 10c0/579367c0e155901094a59000cdd802e689893f47c27459ee5767d6af5d2fcd29aade08ce4b344d80276df6cfc040f249eaa6b182eba53242543cd293bfabcaac
  languageName: node
  linkType: hard

"@langchain/core@npm:~0.1.44":
  version: 0.1.44
  resolution: "@langchain/core@npm:0.1.44"
  dependencies:
    ansi-styles: "npm:^5.0.0"
    camelcase: "npm:6"
    decamelize: "npm:1.2.0"
    js-tiktoken: "npm:^1.0.8"
    langsmith: "npm:~0.1.7"
    ml-distance: "npm:^4.0.0"
    p-queue: "npm:^6.6.2"
    p-retry: "npm:4"
    uuid: "npm:^9.0.0"
    zod: "npm:^3.22.4"
    zod-to-json-schema: "npm:^3.22.3"
  checksum: 10c0/3fdba2753eb3e22c9a105c241a28bfa2f9c7b0b409e32af2a7d3fddb2671608b3744dc960020ff6b1b17755f8a423d1cc3063afc06fd4c2dadd5f4a8ea7bde4e
  languageName: node
  linkType: hard

"@langchain/openai@npm:^0.0.19":
  version: 0.0.19
  resolution: "@langchain/openai@npm:0.0.19"
  dependencies:
    "@langchain/core": "npm:~0.1.44"
    js-tiktoken: "npm:^1.0.7"
    openai: "npm:^4.26.0"
    zod: "npm:^3.22.4"
    zod-to-json-schema: "npm:^3.22.3"
  checksum: 10c0/9fe0fd1355c3ffdb508f8a2257b04f2491763ab3c664bdaefe735e02448956fec69785ab8f5a53e2dc04a93a488b32c88600e194bdb9679af488cc10d4bec9cb
  languageName: node
  linkType: hard

"@langchain/openai@npm:~0.0.14":
  version: 0.0.18
  resolution: "@langchain/openai@npm:0.0.18"
  dependencies:
    "@langchain/core": "npm:~0.1.41"
    js-tiktoken: "npm:^1.0.7"
    openai: "npm:^4.26.0"
    zod: "npm:^3.22.4"
    zod-to-json-schema: "npm:^3.22.3"
  checksum: 10c0/552cdfa1bf82796da7135c5de3d393bd98efa792e886473acfd305416b13f46e6a499e6d6057a214d9a53fdd507b3c8938de6a13dfdfb94737cfab8294ca9157
  languageName: node
  linkType: hard

"@types/node-fetch@npm:^2.6.4":
  version: 2.6.11
  resolution: "@types/node-fetch@npm:2.6.11"
  dependencies:
    "@types/node": "npm:*"
    form-data: "npm:^4.0.0"
  checksum: 10c0/5283d4e0bcc37a5b6d8e629aee880a4ffcfb33e089f4b903b2981b19c623972d1e64af7c3f9540ab990f0f5c89b9b5dda19c5bcb37a8e177079e93683bfd2f49
  languageName: node
  linkType: hard

"@types/node@npm:*, @types/node@npm:~20.11.3":
  version: 20.11.25
  resolution: "@types/node@npm:20.11.25"
  dependencies:
    undici-types: "npm:~5.26.4"
  checksum: 10c0/3a65a0469309d503e572a3198d81c9248876236b1bcc0c9943e995cfa536df7ce9a9302638258984877420d1613167a8a82dbfb3a92197319fb79ebebf9abc83
  languageName: node
  linkType: hard

"@types/node@npm:^18.11.18":
  version: 18.19.22
  resolution: "@types/node@npm:18.19.22"
  dependencies:
    undici-types: "npm:~5.26.4"
  checksum: 10c0/1dd22450c0a508ce1c11b289032f8ac41dc188a9c2da948bb97696a1b2c7382f56587a7c9d14233e68a3b8c57627710223631cde8f36d030585ccf48a9128119
  languageName: node
  linkType: hard

"@types/retry@npm:0.12.0":
  version: 0.12.0
  resolution: "@types/retry@npm:0.12.0"
  checksum: 10c0/7c5c9086369826f569b83a4683661557cab1361bac0897a1cefa1a915ff739acd10ca0d62b01071046fe3f5a3f7f2aec80785fe283b75602dc6726781ea3e328
  languageName: node
  linkType: hard

"@types/uuid@npm:^9.0.1":
  version: 9.0.8
  resolution: "@types/uuid@npm:9.0.8"
  checksum: 10c0/b411b93054cb1d4361919579ef3508a1f12bf15b5fdd97337d3d351bece6c921b52b6daeef89b62340fd73fd60da407878432a1af777f40648cbe53a01723489
  languageName: node
  linkType: hard

"@types/ws@npm:~8.5.10":
  version: 8.5.10
  resolution: "@types/ws@npm:8.5.10"
  dependencies:
    "@types/node": "npm:*"
  checksum: 10c0/e9af279b984c4a04ab53295a40aa95c3e9685f04888df5c6920860d1dd073fcc57c7bd33578a04b285b2c655a0b52258d34bee0a20569dca8defb8393e1e5d29
  languageName: node
  linkType: hard

"abort-controller@npm:^3.0.0":
  version: 3.0.0
  resolution: "abort-controller@npm:3.0.0"
  dependencies:
    event-target-shim: "npm:^5.0.0"
  checksum: 10c0/90ccc50f010250152509a344eb2e71977fbf8db0ab8f1061197e3275ddf6c61a41a6edfd7b9409c664513131dd96e962065415325ef23efa5db931b382d24ca5
  languageName: node
  linkType: hard

"agentkeepalive@npm:^4.2.1":
  version: 4.5.0
  resolution: "agentkeepalive@npm:4.5.0"
  dependencies:
    humanize-ms: "npm:^1.2.1"
  checksum: 10c0/394ea19f9710f230722996e156607f48fdf3a345133b0b1823244b7989426c16019a428b56c82d3eabef616e938812981d9009f4792ecc66bd6a59e991c62612
  languageName: node
  linkType: hard

"ai-devs-2@workspace:.":
  version: 0.0.0-use.local
  resolution: "ai-devs-2@workspace:."
  dependencies:
    "@langchain/openai": "npm:^0.0.19"
    bun-types: "npm:latest"
    dotenv: "npm:^16.4.5"
    langchain: "npm:^0.1.25"
    openai: "npm:^4.28.4"
  peerDependencies:
    typescript: ^5.0.0
  languageName: unknown
  linkType: soft

"ansi-styles@npm:^5.0.0":
  version: 5.2.0
  resolution: "ansi-styles@npm:5.2.0"
  checksum: 10c0/9c4ca80eb3c2fb7b33841c210d2f20807f40865d27008d7c3f707b7f95cab7d67462a565e2388ac3285b71cb3d9bb2173de8da37c57692a362885ec34d6e27df
  languageName: node
  linkType: hard

"argparse@npm:^2.0.1":
  version: 2.0.1
  resolution: "argparse@npm:2.0.1"
  checksum: 10c0/c5640c2d89045371c7cedd6a70212a04e360fd34d6edeae32f6952c63949e3525ea77dbec0289d8213a99bbaeab5abfa860b5c12cf88a2e6cf8106e90dd27a7e
  languageName: node
  linkType: hard

"asynckit@npm:^0.4.0":
  version: 0.4.0
  resolution: "asynckit@npm:0.4.0"
  checksum: 10c0/d73e2ddf20c4eb9337e1b3df1a0f6159481050a5de457c55b14ea2e5cb6d90bb69e004c9af54737a5ee0917fcf2c9e25de67777bbe58261847846066ba75bc9d
  languageName: node
  linkType: hard

"base-64@npm:^0.1.0":
  version: 0.1.0
  resolution: "base-64@npm:0.1.0"
  checksum: 10c0/fe0dcf076e823f04db7ee9b02495be08a91c445fbc6db03cb9913be9680e2fcc0af8b74459041fe08ad16800b1f65a549501d8f08696a8a6d32880789b7de69d
  languageName: node
  linkType: hard

"base64-js@npm:^1.5.1":
  version: 1.5.1
  resolution: "base64-js@npm:1.5.1"
  checksum: 10c0/f23823513b63173a001030fae4f2dabe283b99a9d324ade3ad3d148e218134676f1ee8568c877cd79ec1c53158dcf2d2ba527a97c606618928ba99dd930102bf
  languageName: node
  linkType: hard

"binary-extensions@npm:^2.2.0":
  version: 2.2.0
  resolution: "binary-extensions@npm:2.2.0"
  checksum: 10c0/d73d8b897238a2d3ffa5f59c0241870043aa7471335e89ea5e1ff48edb7c2d0bb471517a3e4c5c3f4c043615caa2717b5f80a5e61e07503d51dc85cb848e665d
  languageName: node
  linkType: hard

"binary-search@npm:^1.3.5":
  version: 1.3.6
  resolution: "binary-search@npm:1.3.6"
  checksum: 10c0/786a770e3411cf563c9c7829e2854d79583a207b8faaa5022f93352893e1d06035ae5d80de1b168dcbd9d346fdb0dd2e3d7fcdf309b3a63dc027e92624da32a0
  languageName: node
  linkType: hard

"bun-types@npm:latest":
  version: 1.0.30
  resolution: "bun-types@npm:1.0.30"
  dependencies:
    "@types/node": "npm:~20.11.3"
    "@types/ws": "npm:~8.5.10"
  checksum: 10c0/234ef0dcc49e8d73698dfb03245ec2fbd244e9377ab8248a8d4e4ac3ad188223508a321541317ad1b7dfa89dc5826ad595764973902169f3710bde04478507a2
  languageName: node
  linkType: hard

"camelcase@npm:6":
  version: 6.3.0
  resolution: "camelcase@npm:6.3.0"
  checksum: 10c0/0d701658219bd3116d12da3eab31acddb3f9440790c0792e0d398f0a520a6a4058018e546862b6fba89d7ae990efaeb97da71e1913e9ebf5a8b5621a3d55c710
  languageName: node
  linkType: hard

"charenc@npm:0.0.2":
  version: 0.0.2
  resolution: "charenc@npm:0.0.2"
  checksum: 10c0/a45ec39363a16799d0f9365c8dd0c78e711415113c6f14787a22462ef451f5013efae8a28f1c058f81fc01f2a6a16955f7a5fd0cd56247ce94a45349c89877d8
  languageName: node
  linkType: hard

"combined-stream@npm:^1.0.8":
  version: 1.0.8
  resolution: "combined-stream@npm:1.0.8"
  dependencies:
    delayed-stream: "npm:~1.0.0"
  checksum: 10c0/0dbb829577e1b1e839fa82b40c07ffaf7de8a09b935cadd355a73652ae70a88b4320db322f6634a4ad93424292fa80973ac6480986247f1734a1137debf271d5
  languageName: node
  linkType: hard

"commander@npm:^10.0.1":
  version: 10.0.1
  resolution: "commander@npm:10.0.1"
  checksum: 10c0/53f33d8927758a911094adadda4b2cbac111a5b377d8706700587650fd8f45b0bbe336de4b5c3fe47fd61f420a3d9bd452b6e0e6e5600a7e74d7bf0174f6efe3
  languageName: node
  linkType: hard

"crypt@npm:0.0.2":
  version: 0.0.2
  resolution: "crypt@npm:0.0.2"
  checksum: 10c0/adbf263441dd801665d5425f044647533f39f4612544071b1471962209d235042fb703c27eea2795c7c53e1dfc242405173003f83cf4f4761a633d11f9653f18
  languageName: node
  linkType: hard

"decamelize@npm:1.2.0":
  version: 1.2.0
  resolution: "decamelize@npm:1.2.0"
  checksum: 10c0/85c39fe8fbf0482d4a1e224ef0119db5c1897f8503bcef8b826adff7a1b11414972f6fef2d7dec2ee0b4be3863cf64ac1439137ae9e6af23a3d8dcbe26a5b4b2
  languageName: node
  linkType: hard

"delayed-stream@npm:~1.0.0":
  version: 1.0.0
  resolution: "delayed-stream@npm:1.0.0"
  checksum: 10c0/d758899da03392e6712f042bec80aa293bbe9e9ff1b2634baae6a360113e708b91326594c8a486d475c69d6259afb7efacdc3537bfcda1c6c648e390ce601b19
  languageName: node
  linkType: hard

"digest-fetch@npm:^1.3.0":
  version: 1.3.0
  resolution: "digest-fetch@npm:1.3.0"
  dependencies:
    base-64: "npm:^0.1.0"
    md5: "npm:^2.3.0"
  checksum: 10c0/0fb389e33b9c6baf5e6a9ed287aa9d0d8b373d59b49d49c62c261e1ab24eaaf1d5aea3a105c1b31ba4a23e29e129365d839ce4c5974fa004a85d1a4568bc3585
  languageName: node
  linkType: hard

"dotenv@npm:^16.4.5":
  version: 16.4.5
  resolution: "dotenv@npm:16.4.5"
  checksum: 10c0/48d92870076832af0418b13acd6e5a5a3e83bb00df690d9812e94b24aff62b88ade955ac99a05501305b8dc8f1b0ee7638b18493deb6fe93d680e5220936292f
  languageName: node
  linkType: hard

"event-target-shim@npm:^5.0.0":
  version: 5.0.1
  resolution: "event-target-shim@npm:5.0.1"
  checksum: 10c0/0255d9f936215fd206156fd4caa9e8d35e62075d720dc7d847e89b417e5e62cf1ce6c9b4e0a1633a9256de0efefaf9f8d26924b1f3c8620cffb9db78e7d3076b
  languageName: node
  linkType: hard

"eventemitter3@npm:^4.0.4":
  version: 4.0.7
  resolution: "eventemitter3@npm:4.0.7"
  checksum: 10c0/5f6d97cbcbac47be798e6355e3a7639a84ee1f7d9b199a07017f1d2f1e2fe236004d14fa5dfaeba661f94ea57805385e326236a6debbc7145c8877fbc0297c6b
  languageName: node
  linkType: hard

"expr-eval@npm:^2.0.2":
  version: 2.0.2
  resolution: "expr-eval@npm:2.0.2"
  checksum: 10c0/642f112ff28ea34574c595c3ad73ccd8e638498879a4dd28620c4dabebab2e11987a851266ba81883dae85a5800e0c93b3d06f81718b71a215f831534646e4f2
  languageName: node
  linkType: hard

"flat@npm:^5.0.2":
  version: 5.0.2
  resolution: "flat@npm:5.0.2"
  bin:
    flat: cli.js
  checksum: 10c0/f178b13482f0cd80c7fede05f4d10585b1f2fdebf26e12edc138e32d3150c6ea6482b7f12813a1091143bad52bb6d3596bca51a162257a21163c0ff438baa5fe
  languageName: node
  linkType: hard

"form-data-encoder@npm:1.7.2":
  version: 1.7.2
  resolution: "form-data-encoder@npm:1.7.2"
  checksum: 10c0/56553768037b6d55d9de524f97fe70555f0e415e781cb56fc457a68263de3d40fadea2304d4beef2d40b1a851269bd7854e42c362107071892cb5238debe9464
  languageName: node
  linkType: hard

"form-data@npm:^4.0.0":
  version: 4.0.0
  resolution: "form-data@npm:4.0.0"
  dependencies:
    asynckit: "npm:^0.4.0"
    combined-stream: "npm:^1.0.8"
    mime-types: "npm:^2.1.12"
  checksum: 10c0/cb6f3ac49180be03ff07ba3ff125f9eba2ff0b277fb33c7fc47569fc5e616882c5b1c69b9904c4c4187e97dd0419dd03b134174756f296dec62041e6527e2c6e
  languageName: node
  linkType: hard

"formdata-node@npm:^4.3.2":
  version: 4.4.1
  resolution: "formdata-node@npm:4.4.1"
  dependencies:
    node-domexception: "npm:1.0.0"
    web-streams-polyfill: "npm:4.0.0-beta.3"
  checksum: 10c0/74151e7b228ffb33b565cec69182694ad07cc3fdd9126a8240468bb70a8ba66e97e097072b60bcb08729b24c7ce3fd3e0bd7f1f80df6f9f662b9656786e76f6a
  languageName: node
  linkType: hard

"humanize-ms@npm:^1.2.1":
  version: 1.2.1
  resolution: "humanize-ms@npm:1.2.1"
  dependencies:
    ms: "npm:^2.0.0"
  checksum: 10c0/f34a2c20161d02303c2807badec2f3b49cbfbbb409abd4f95a07377ae01cfe6b59e3d15ac609cffcd8f2521f0eb37b7e1091acf65da99aa2a4f1ad63c21e7e7a
  languageName: node
  linkType: hard

"is-any-array@npm:^2.0.0":
  version: 2.0.1
  resolution: "is-any-array@npm:2.0.1"
  checksum: 10c0/f9807458a51e63ca1ac27fd6f3a3ace8200f077094e00d9b05b24cfbc9d5594d586d6ecf3416271f26939d5cb93fc52ca869cb5744e77318c3f53ec70b08d61f
  languageName: node
  linkType: hard

"is-buffer@npm:~1.1.6":
  version: 1.1.6
  resolution: "is-buffer@npm:1.1.6"
  checksum: 10c0/ae18aa0b6e113d6c490ad1db5e8df9bdb57758382b313f5a22c9c61084875c6396d50bbf49315f5b1926d142d74dfb8d31b40d993a383e0a158b15fea7a82234
  languageName: node
  linkType: hard

"js-tiktoken@npm:^1.0.7, js-tiktoken@npm:^1.0.8":
  version: 1.0.10
  resolution: "js-tiktoken@npm:1.0.10"
  dependencies:
    base64-js: "npm:^1.5.1"
  checksum: 10c0/a00d3ba40a4e5c268d4850a73640e93ce5be0e99511cdd126fc70858749966f7ec1ba5016118afd6c479e4f29a31e954ad2b9661f384ac85fb69487f592fd120
  languageName: node
  linkType: hard

"js-yaml@npm:^4.1.0":
  version: 4.1.0
  resolution: "js-yaml@npm:4.1.0"
  dependencies:
    argparse: "npm:^2.0.1"
  bin:
    js-yaml: bin/js-yaml.js
  checksum: 10c0/184a24b4eaacfce40ad9074c64fd42ac83cf74d8c8cd137718d456ced75051229e5061b8633c3366b8aada17945a7a356b337828c19da92b51ae62126575018f
  languageName: node
  linkType: hard

"jsonpointer@npm:^5.0.1":
  version: 5.0.1
  resolution: "jsonpointer@npm:5.0.1"
  checksum: 10c0/89929e58b400fcb96928c0504fcf4fc3f919d81e9543ceb055df125538470ee25290bb4984251e172e6ef8fcc55761eb998c118da763a82051ad89d4cb073fe7
  languageName: node
  linkType: hard

"langchain@npm:^0.1.25":
  version: 0.1.25
  resolution: "langchain@npm:0.1.25"
  dependencies:
    "@anthropic-ai/sdk": "npm:^0.9.1"
    "@langchain/community": "npm:~0.0.33"
    "@langchain/core": "npm:~0.1.36"
    "@langchain/openai": "npm:~0.0.14"
    binary-extensions: "npm:^2.2.0"
    expr-eval: "npm:^2.0.2"
    js-tiktoken: "npm:^1.0.7"
    js-yaml: "npm:^4.1.0"
    jsonpointer: "npm:^5.0.1"
    langchainhub: "npm:~0.0.8"
    langsmith: "npm:~0.1.7"
    ml-distance: "npm:^4.0.0"
    openapi-types: "npm:^12.1.3"
    p-retry: "npm:4"
    uuid: "npm:^9.0.0"
    yaml: "npm:^2.2.1"
    zod: "npm:^3.22.4"
    zod-to-json-schema: "npm:^3.22.3"
  peerDependencies:
    "@aws-sdk/client-s3": ^3.310.0
    "@aws-sdk/client-sagemaker-runtime": ^3.310.0
    "@aws-sdk/client-sfn": ^3.310.0
    "@aws-sdk/credential-provider-node": ^3.388.0
    "@azure/storage-blob": ^12.15.0
    "@gomomento/sdk": ^1.51.1
    "@gomomento/sdk-core": ^1.51.1
    "@gomomento/sdk-web": ^1.51.1
    "@google-ai/generativelanguage": ^0.2.1
    "@google-cloud/storage": ^6.10.1 || ^7.7.0
    "@notionhq/client": ^2.2.10
    "@pinecone-database/pinecone": "*"
    "@supabase/supabase-js": ^2.10.0
    "@vercel/kv": ^0.2.3
    "@xata.io/client": ^0.28.0
    apify-client: ^2.7.1
    assemblyai: ^4.0.0
    axios: "*"
    cheerio: ^1.0.0-rc.12
    chromadb: "*"
    convex: ^1.3.1
    couchbase: ^4.2.10
    d3-dsv: ^2.0.0
    epub2: ^3.0.1
    fast-xml-parser: ^4.2.7
    google-auth-library: ^8.9.0
    handlebars: ^4.7.8
    html-to-text: ^9.0.5
    ignore: ^5.2.0
    ioredis: ^5.3.2
    jsdom: "*"
    mammoth: ^1.6.0
    mongodb: ">=5.2.0"
    node-llama-cpp: "*"
    notion-to-md: ^3.1.0
    officeparser: ^4.0.4
    pdf-parse: 1.1.1
    peggy: ^3.0.2
    playwright: ^1.32.1
    puppeteer: ^19.7.2
    pyodide: ^0.24.1
    redis: ^4.6.4
    sonix-speech-recognition: ^2.1.1
    srt-parser-2: ^1.2.3
    typeorm: ^0.3.12
    weaviate-ts-client: "*"
    web-auth-library: ^1.0.3
    ws: ^8.14.2
    youtube-transcript: ^1.0.6
    youtubei.js: ^9.1.0
  peerDependenciesMeta:
    "@aws-sdk/client-s3":
      optional: true
    "@aws-sdk/client-sagemaker-runtime":
      optional: true
    "@aws-sdk/client-sfn":
      optional: true
    "@aws-sdk/credential-provider-node":
      optional: true
    "@azure/storage-blob":
      optional: true
    "@gomomento/sdk":
      optional: true
    "@gomomento/sdk-core":
      optional: true
    "@gomomento/sdk-web":
      optional: true
    "@google-ai/generativelanguage":
      optional: true
    "@google-cloud/storage":
      optional: true
    "@notionhq/client":
      optional: true
    "@pinecone-database/pinecone":
      optional: true
    "@supabase/supabase-js":
      optional: true
    "@vercel/kv":
      optional: true
    "@xata.io/client":
      optional: true
    apify-client:
      optional: true
    assemblyai:
      optional: true
    axios:
      optional: true
    cheerio:
      optional: true
    chromadb:
      optional: true
    convex:
      optional: true
    couchbase:
      optional: true
    d3-dsv:
      optional: true
    epub2:
      optional: true
    faiss-node:
      optional: true
    fast-xml-parser:
      optional: true
    google-auth-library:
      optional: true
    handlebars:
      optional: true
    html-to-text:
      optional: true
    ignore:
      optional: true
    ioredis:
      optional: true
    jsdom:
      optional: true
    mammoth:
      optional: true
    mongodb:
      optional: true
    node-llama-cpp:
      optional: true
    notion-to-md:
      optional: true
    officeparser:
      optional: true
    pdf-parse:
      optional: true
    peggy:
      optional: true
    playwright:
      optional: true
    puppeteer:
      optional: true
    pyodide:
      optional: true
    redis:
      optional: true
    sonix-speech-recognition:
      optional: true
    srt-parser-2:
      optional: true
    typeorm:
      optional: true
    weaviate-ts-client:
      optional: true
    web-auth-library:
      optional: true
    ws:
      optional: true
    youtube-transcript:
      optional: true
    youtubei.js:
      optional: true
  checksum: 10c0/ce8fbe8180df7dfb1f12b5dea176af29adbfd4b291234053274a1410f2d862ab73f8c9f31bee49c750ca5a4e12acdfc93a0bcc3a584e5b896d04776bea58e6ae
  languageName: node
  linkType: hard

"langchainhub@npm:~0.0.8":
  version: 0.0.8
  resolution: "langchainhub@npm:0.0.8"
  checksum: 10c0/3999631fe5579cac1cb607b6c72a9e7b993df607b5f48e361cd43b20b384c44f84157e16bf6bfbdf35f6e655785e9b0958a34b4e275c101e32a5b5d67b801b1f
  languageName: node
  linkType: hard

"langsmith@npm:~0.1.1, langsmith@npm:~0.1.7":
  version: 0.1.13
  resolution: "langsmith@npm:0.1.13"
  dependencies:
    "@types/uuid": "npm:^9.0.1"
    commander: "npm:^10.0.1"
    p-queue: "npm:^6.6.2"
    p-retry: "npm:4"
    uuid: "npm:^9.0.0"
  checksum: 10c0/7b15440cd8c7b7705eac246f3ea7644a6e55c5394a3eda4a291043542514a15d3b987c56bdcddde128ed52fa37f85c6f1480769ccff9c75679d582f920fc94a8
  languageName: node
  linkType: hard

"md5@npm:^2.3.0":
  version: 2.3.0
  resolution: "md5@npm:2.3.0"
  dependencies:
    charenc: "npm:0.0.2"
    crypt: "npm:0.0.2"
    is-buffer: "npm:~1.1.6"
  checksum: 10c0/14a21d597d92e5b738255fbe7fe379905b8cb97e0a49d44a20b58526a646ec5518c337b817ce0094ca94d3e81a3313879c4c7b510d250c282d53afbbdede9110
  languageName: node
  linkType: hard

"mime-db@npm:1.52.0":
  version: 1.52.0
  resolution: "mime-db@npm:1.52.0"
  checksum: 10c0/0557a01deebf45ac5f5777fe7740b2a5c309c6d62d40ceab4e23da9f821899ce7a900b7ac8157d4548ddbb7beffe9abc621250e6d182b0397ec7f10c7b91a5aa
  languageName: node
  linkType: hard

"mime-types@npm:^2.1.12":
  version: 2.1.35
  resolution: "mime-types@npm:2.1.35"
  dependencies:
    mime-db: "npm:1.52.0"
  checksum: 10c0/82fb07ec56d8ff1fc999a84f2f217aa46cb6ed1033fefaabd5785b9a974ed225c90dc72fff460259e66b95b73648596dbcc50d51ed69cdf464af2d237d3149b2
  languageName: node
  linkType: hard

"ml-array-mean@npm:^1.1.6":
  version: 1.1.6
  resolution: "ml-array-mean@npm:1.1.6"
  dependencies:
    ml-array-sum: "npm:^1.1.6"
  checksum: 10c0/41ab68308e3472702f775a49c8ab9ee1e678e01cd59dbc59424c0f1017a37df1bb638e702831305f0e6366300eca48353f526773ab8f4d8d142a64d0461f9944
  languageName: node
  linkType: hard

"ml-array-sum@npm:^1.1.6":
  version: 1.1.6
  resolution: "ml-array-sum@npm:1.1.6"
  dependencies:
    is-any-array: "npm:^2.0.0"
  checksum: 10c0/fb3973ce2bfa19ab4f5e657f722494425b57025547657d332bf5bafe3e4e7e4bd1e082dfb970bcc0bfa87efa345b80a20a596dbb204be7b4802b52c35fd6cf77
  languageName: node
  linkType: hard

"ml-distance-euclidean@npm:^2.0.0":
  version: 2.0.0
  resolution: "ml-distance-euclidean@npm:2.0.0"
  checksum: 10c0/877aef472e134f79be9540b02f889b2a27976ca45d77f5d4ef7d8dd24058a60cf4637365b40a5aba1ab5490348a0fb1b3803143b25af88cdc66137fbfd665442
  languageName: node
  linkType: hard

"ml-distance@npm:^4.0.0":
  version: 4.0.1
  resolution: "ml-distance@npm:4.0.1"
  dependencies:
    ml-array-mean: "npm:^1.1.6"
    ml-distance-euclidean: "npm:^2.0.0"
    ml-tree-similarity: "npm:^1.0.0"
  checksum: 10c0/8c2eb077d2ba61437f2414f3b9ca1091c43fcabe2282ecc31d8ebf9e083c1df068e43c67f59a4674e7c8f473201ace4f02779b446427d6169a5d669cae94c816
  languageName: node
  linkType: hard

"ml-tree-similarity@npm:^1.0.0":
  version: 1.0.0
  resolution: "ml-tree-similarity@npm:1.0.0"
  dependencies:
    binary-search: "npm:^1.3.5"
    num-sort: "npm:^2.0.0"
  checksum: 10c0/e3ecd07bead5d18bc7b6fed1dfefbe65aea4008d5556181b94b7d70550fba543d2501b224f12a9f5197c1d23d95faef2accc7fd265c5afd15ef55a38190ffc6e
  languageName: node
  linkType: hard

"ms@npm:^2.0.0":
  version: 2.1.3
  resolution: "ms@npm:2.1.3"
  checksum: 10c0/d924b57e7312b3b63ad21fc5b3dc0af5e78d61a1fc7cfb5457edaf26326bf62be5307cc87ffb6862ef1c2b33b0233cdb5d4f01c4c958cc0d660948b65a287a48
  languageName: node
  linkType: hard

"node-domexception@npm:1.0.0":
  version: 1.0.0
  resolution: "node-domexception@npm:1.0.0"
  checksum: 10c0/5e5d63cda29856402df9472335af4bb13875e1927ad3be861dc5ebde38917aecbf9ae337923777af52a48c426b70148815e890a5d72760f1b4d758cc671b1a2b
  languageName: node
  linkType: hard

"node-fetch@npm:^2.6.7":
  version: 2.7.0
  resolution: "node-fetch@npm:2.7.0"
  dependencies:
    whatwg-url: "npm:^5.0.0"
  peerDependencies:
    encoding: ^0.1.0
  peerDependenciesMeta:
    encoding:
      optional: true
  checksum: 10c0/b55786b6028208e6fbe594ccccc213cab67a72899c9234eb59dba51062a299ea853210fcf526998eaa2867b0963ad72338824450905679ff0fa304b8c5093ae8
  languageName: node
  linkType: hard

"num-sort@npm:^2.0.0":
  version: 2.1.0
  resolution: "num-sort@npm:2.1.0"
  checksum: 10c0/cc1d43adbc9adfd5d208a8eb653827277376ff2e6eb75379f96e6a23d481040e317e63505e075b84ce49e19b9d960570646096428a715d12c5ef1381504d5135
  languageName: node
  linkType: hard

"openai@npm:^4.26.0, openai@npm:^4.28.4":
  version: 4.28.4
  resolution: "openai@npm:4.28.4"
  dependencies:
    "@types/node": "npm:^18.11.18"
    "@types/node-fetch": "npm:^2.6.4"
    abort-controller: "npm:^3.0.0"
    agentkeepalive: "npm:^4.2.1"
    digest-fetch: "npm:^1.3.0"
    form-data-encoder: "npm:1.7.2"
    formdata-node: "npm:^4.3.2"
    node-fetch: "npm:^2.6.7"
    web-streams-polyfill: "npm:^3.2.1"
  bin:
    openai: bin/cli
  checksum: 10c0/be0cf2758abf39c1d4f4db30034da312c1a7651cc3b09b8ca9a67d5bc3dd74861612783ac775660c97af91f7afdd1dff34b0e359b41a8aec6afd8049bd578fc8
  languageName: node
  linkType: hard

"openapi-types@npm:^12.1.3":
  version: 12.1.3
  resolution: "openapi-types@npm:12.1.3"
  checksum: 10c0/4ad4eb91ea834c237edfa6ab31394e87e00c888fc2918009763389c00d02342345195d6f302d61c3fd807f17723cd48df29b47b538b68375b3827b3758cd520f
  languageName: node
  linkType: hard

"p-finally@npm:^1.0.0":
  version: 1.0.0
  resolution: "p-finally@npm:1.0.0"
  checksum: 10c0/6b8552339a71fe7bd424d01d8451eea92d379a711fc62f6b2fe64cad8a472c7259a236c9a22b4733abca0b5666ad503cb497792a0478c5af31ded793d00937e7
  languageName: node
  linkType: hard

"p-queue@npm:^6.6.2":
  version: 6.6.2
  resolution: "p-queue@npm:6.6.2"
  dependencies:
    eventemitter3: "npm:^4.0.4"
    p-timeout: "npm:^3.2.0"
  checksum: 10c0/5739ecf5806bbeadf8e463793d5e3004d08bb3f6177bd1a44a005da8fd81bb90f80e4633e1fb6f1dfd35ee663a5c0229abe26aebb36f547ad5a858347c7b0d3e
  languageName: node
  linkType: hard

"p-retry@npm:4":
  version: 4.6.2
  resolution: "p-retry@npm:4.6.2"
  dependencies:
    "@types/retry": "npm:0.12.0"
    retry: "npm:^0.13.1"
  checksum: 10c0/d58512f120f1590cfedb4c2e0c42cb3fa66f3cea8a4646632fcb834c56055bb7a6f138aa57b20cc236fb207c9d694e362e0b5c2b14d9b062f67e8925580c73b0
  languageName: node
  linkType: hard

"p-timeout@npm:^3.2.0":
  version: 3.2.0
  resolution: "p-timeout@npm:3.2.0"
  dependencies:
    p-finally: "npm:^1.0.0"
  checksum: 10c0/524b393711a6ba8e1d48137c5924749f29c93d70b671e6db761afa784726572ca06149c715632da8f70c090073afb2af1c05730303f915604fd38ee207b70a61
  languageName: node
  linkType: hard

"retry@npm:^0.13.1":
  version: 0.13.1
  resolution: "retry@npm:0.13.1"
  checksum: 10c0/9ae822ee19db2163497e074ea919780b1efa00431d197c7afdb950e42bf109196774b92a49fc9821f0b8b328a98eea6017410bfc5e8a0fc19c85c6d11adb3772
  languageName: node
  linkType: hard

"tr46@npm:~0.0.3":
  version: 0.0.3
  resolution: "tr46@npm:0.0.3"
  checksum: 10c0/047cb209a6b60c742f05c9d3ace8fa510bff609995c129a37ace03476a9b12db4dbf975e74600830ef0796e18882b2381fb5fb1f6b4f96b832c374de3ab91a11
  languageName: node
  linkType: hard

"undici-types@npm:~5.26.4":
  version: 5.26.5
  resolution: "undici-types@npm:5.26.5"
  checksum: 10c0/bb673d7876c2d411b6eb6c560e0c571eef4a01c1c19925175d16e3a30c4c428181fb8d7ae802a261f283e4166a0ac435e2f505743aa9e45d893f9a3df017b501
  languageName: node
  linkType: hard

"uuid@npm:^9.0.0":
  version: 9.0.1
  resolution: "uuid@npm:9.0.1"
  bin:
    uuid: dist/bin/uuid
  checksum: 10c0/1607dd32ac7fc22f2d8f77051e6a64845c9bce5cd3dd8aa0070c074ec73e666a1f63c7b4e0f4bf2bc8b9d59dc85a15e17807446d9d2b17c8485fbc2147b27f9b
  languageName: node
  linkType: hard

"web-streams-polyfill@npm:4.0.0-beta.3":
  version: 4.0.0-beta.3
  resolution: "web-streams-polyfill@npm:4.0.0-beta.3"
  checksum: 10c0/a9596779db2766990117ed3a158e0b0e9f69b887a6d6ba0779940259e95f99dc3922e534acc3e5a117b5f5905300f527d6fbf8a9f0957faf1d8e585ce3452e8e
  languageName: node
  linkType: hard

"web-streams-polyfill@npm:^3.2.1":
  version: 3.3.3
  resolution: "web-streams-polyfill@npm:3.3.3"
  checksum: 10c0/64e855c47f6c8330b5436147db1c75cb7e7474d924166800e8e2aab5eb6c76aac4981a84261dd2982b3e754490900b99791c80ae1407a9fa0dcff74f82ea3a7f
  languageName: node
  linkType: hard

"webidl-conversions@npm:^3.0.0":
  version: 3.0.1
  resolution: "webidl-conversions@npm:3.0.1"
  checksum: 10c0/5612d5f3e54760a797052eb4927f0ddc01383550f542ccd33d5238cfd65aeed392a45ad38364970d0a0f4fea32e1f4d231b3d8dac4a3bdd385e5cf802ae097db
  languageName: node
  linkType: hard

"whatwg-url@npm:^5.0.0":
  version: 5.0.0
  resolution: "whatwg-url@npm:5.0.0"
  dependencies:
    tr46: "npm:~0.0.3"
    webidl-conversions: "npm:^3.0.0"
  checksum: 10c0/1588bed84d10b72d5eec1d0faa0722ba1962f1821e7539c535558fb5398d223b0c50d8acab950b8c488b4ba69043fd833cc2697056b167d8ad46fac3995a55d5
  languageName: node
  linkType: hard

"yaml@npm:^2.2.1":
  version: 2.4.1
  resolution: "yaml@npm:2.4.1"
  bin:
    yaml: bin.mjs
  checksum: 10c0/816057dbaea16a7dfb0b868ace930f143dece96bbb4c4fbb6f38aa389166f897240d9fa535dbfd6b1b0d9442416f4abcc698e63f82394d0c67b329aa6c2be576
  languageName: node
  linkType: hard

"zod-to-json-schema@npm:^3.22.3":
  version: 3.22.4
  resolution: "zod-to-json-schema@npm:3.22.4"
  peerDependencies:
    zod: ^3.22.4
  checksum: 10c0/a949720c165347982a4abf5d612b78bebc2b5fb1217d22e20c024782ce6a9ae0baffe5deb6ba6f961ffa7b28b888c37f744bbfee6d7e9d74f2ec1f94d6968f0d
  languageName: node
  linkType: hard

"zod@npm:^3.22.3, zod@npm:^3.22.4":
  version: 3.22.4
  resolution: "zod@npm:3.22.4"
  checksum: 10c0/7578ab283dac0eee66a0ad0fc4a7f28c43e6745aadb3a529f59a4b851aa10872b3890398b3160f257f4b6817b4ce643debdda4fb21a2c040adda7862cab0a587
  languageName: node
  linkType: hard
